
Microsoft Visual Studio Solution File, Format Version 12.00
# Visual Studio Version 17
VisualStudioVersion = 17.14.36518.9 d17.14
MinimumVisualStudioVersion = 10.0.40219.1
Project("{FAE04EC0-301F-11D3-BF4B-00C04F79EFBC}") = "Suciu_Denisa_Labr2", "Suciu_Denisa_Labr2.csproj", "{81407836-D28B-4EA6-BCEA-6D684E9FE1C0}"
EndProject
Global
	GlobalSection(SolutionConfigurationPlatforms) = preSolution
		Debug|Any CPU = Debug|Any CPU
		Release|Any CPU = Release|Any CPU
	EndGlobalSection
	GlobalSection(ProjectConfigurationPlatforms) = postSolution
		{81407836-D28B-4EA6-BCEA-6D684E9FE1C0}.Debug|Any CPU.ActiveCfg = Debug|Any CPU
		{81407836-D28B-4EA6-BCEA-6D684E9FE1C0}.Debug|Any CPU.Build.0 = Debug|Any CPU
		{81407836-D28B-4EA6-BCEA-6D684E9FE1C0}.Release|Any CPU.ActiveCfg = Release|Any CPU
		{81407836-D28B-4EA6-BCEA-6D684E9FE1C0}.Release|Any CPU.Build.0 = Release|Any CPU
	EndGlobalSection
	GlobalSection(SolutionProperties) = preSolution
		HideSolutionNode = FALSE
	EndGlobalSection
	GlobalSection(ExtensibilityGlobals) = postSolution
		SolutionGuid = {84E0B231-1015-4570-B7B8-BB235C838454}
	EndGlobalSection
EndGlobal
